
Microsoft Visual Studio Solution File, Format Version 12.00
# Visual Studio Version 17
VisualStudioVersion = 17.6.33717.318
MinimumVisualStudioVersion = 10.0.40219.1
Project("{FAE04EC0-301F-11D3-BF4B-00C04F79EFBC}") = "UchPract", "UchPract.csproj", "{ED94A4E9-95D7-497D-89D1-D6413B73C11A}"
EndProject
Global
	GlobalSection(SolutionConfigurationPlatforms) = preSolution
		Debug|Any CPU = Debug|Any CPU
		Release|Any CPU = Release|Any CPU
	EndGlobalSection
	GlobalSection(ProjectConfigurationPlatforms) = postSolution
		{ED94A4E9-95D7-497D-89D1-D6413B73C11A}.Debug|Any CPU.ActiveCfg = Debug|Any CPU
		{ED94A4E9-95D7-497D-89D1-D6413B73C11A}.Debug|Any CPU.Build.0 = Debug|Any CPU
		{ED94A4E9-95D7-497D-89D1-D6413B73C11A}.Release|Any CPU.ActiveCfg = Release|Any CPU
		{ED94A4E9-95D7-497D-89D1-D6413B73C11A}.Release|Any CPU.Build.0 = Release|Any CPU
	EndGlobalSection
	GlobalSection(SolutionProperties) = preSolution
		HideSolutionNode = FALSE
	EndGlobalSection
	GlobalSection(ExtensibilityGlobals) = postSolution
		SolutionGuid = {A0AC9BD3-7666-4353-BCB0-A64342D5F543}
	EndGlobalSection
EndGlobal
